
Microsoft Visual Studio Solution File, Format Version 12.00
# Visual Studio Version 16
VisualStudioVersion = 16.0.30804.86
MinimumVisualStudioVersion = 10.0.40219.1
Project("{888888A0-9F3D-457C-B088-3A5042F75D52}") = "Projet1 - VS", "Projet1 - VS\Projet1 - VS.pyproj", "{265667F8-E596-4FD2-A7F2-2534E48A3707}"
EndProject
Global
	GlobalSection(SolutionConfigurationPlatforms) = preSolution
		Debug|Any CPU = Debug|Any CPU
		Release|Any CPU = Release|Any CPU
	EndGlobalSection
	GlobalSection(ProjectConfigurationPlatforms) = postSolution
		{265667F8-E596-4FD2-A7F2-2534E48A3707}.Debug|Any CPU.ActiveCfg = Debug|Any CPU
		{265667F8-E596-4FD2-A7F2-2534E48A3707}.Release|Any CPU.ActiveCfg = Release|Any CPU
	EndGlobalSection
	GlobalSection(SolutionProperties) = preSolution
		HideSolutionNode = FALSE
	EndGlobalSection
	GlobalSection(ExtensibilityGlobals) = postSolution
		SolutionGuid = {D6B9E7FA-0F53-479F-8FAD-ACD0424023B5}
	EndGlobalSection
EndGlobal
